
Microsoft Visual Studio Solution File, Format Version 12.00
# Visual Studio Version 16
VisualStudioVersion = 16.0.31019.35
MinimumVisualStudioVersion = 10.0.40219.1
Project("{FAE04EC0-301F-11D3-BF4B-00C04F79EFBC}") = "Exercicio01", "Exercicio01\Exercicio01.csproj", "{D5130537-BD66-4284-B572-2E2B0F7FF164}"
EndProject
Global
	GlobalSection(SolutionConfigurationPlatforms) = preSolution
		Debug|Any CPU = Debug|Any CPU
		Release|Any CPU = Release|Any CPU
	EndGlobalSection
	GlobalSection(ProjectConfigurationPlatforms) = postSolution
		{D5130537-BD66-4284-B572-2E2B0F7FF164}.Debug|Any CPU.ActiveCfg = Debug|Any CPU
		{D5130537-BD66-4284-B572-2E2B0F7FF164}.Debug|Any CPU.Build.0 = Debug|Any CPU
		{D5130537-BD66-4284-B572-2E2B0F7FF164}.Release|Any CPU.ActiveCfg = Release|Any CPU
		{D5130537-BD66-4284-B572-2E2B0F7FF164}.Release|Any CPU.Build.0 = Release|Any CPU
	EndGlobalSection
	GlobalSection(SolutionProperties) = preSolution
		HideSolutionNode = FALSE
	EndGlobalSection
	GlobalSection(ExtensibilityGlobals) = postSolution
		SolutionGuid = {B5B8C95D-96FF-4B0A-A7A9-D30BE0930DF3}
	EndGlobalSection
EndGlobal
